
Microsoft Visual Studio Solution File, Format Version 12.00
# Visual Studio 15
VisualStudioVersion = 15.0.28307.421
MinimumVisualStudioVersion = 10.0.40219.1
Project("{FAE04EC0-301F-11D3-BF4B-00C04F79EFBC}") = "BugTracker", "BugTracker\BugTracker.csproj", "{45F213D7-6317-4503-BDFD-9C2483DD92AB}"
EndProject
Global
	GlobalSection(SolutionConfigurationPlatforms) = preSolution
		Debug|Any CPU = Debug|Any CPU
		Release|Any CPU = Release|Any CPU
	EndGlobalSection
	GlobalSection(ProjectConfigurationPlatforms) = postSolution
		{45F213D7-6317-4503-BDFD-9C2483DD92AB}.Debug|Any CPU.ActiveCfg = Debug|Any CPU
		{45F213D7-6317-4503-BDFD-9C2483DD92AB}.Debug|Any CPU.Build.0 = Debug|Any CPU
		{45F213D7-6317-4503-BDFD-9C2483DD92AB}.Release|Any CPU.ActiveCfg = Release|Any CPU
		{45F213D7-6317-4503-BDFD-9C2483DD92AB}.Release|Any CPU.Build.0 = Release|Any CPU
	EndGlobalSection
	GlobalSection(SolutionProperties) = preSolution
		HideSolutionNode = FALSE
	EndGlobalSection
	GlobalSection(ExtensibilityGlobals) = postSolution
		SolutionGuid = {827397B2-50E1-4D2E-9676-E6766FEACEF3}
	EndGlobalSection
EndGlobal
